
Microsoft Visual Studio Solution File, Format Version 12.00
# Visual Studio Version 17
VisualStudioVersion = 17.0.31717.71
MinimumVisualStudioVersion = 10.0.40219.1
Project("{FAE04EC0-301F-11D3-BF4B-00C04F79EFBC}") = "PlatformService", "PlatformService.csproj", "{8DCB571F-4D2D-4D61-ADA1-8D256BE78AA7}"
EndProject
Global
	GlobalSection(SolutionConfigurationPlatforms) = preSolution
		Debug|Any CPU = Debug|Any CPU
		Release|Any CPU = Release|Any CPU
	EndGlobalSection
	GlobalSection(ProjectConfigurationPlatforms) = postSolution
		{8DCB571F-4D2D-4D61-ADA1-8D256BE78AA7}.Debug|Any CPU.ActiveCfg = Debug|Any CPU
		{8DCB571F-4D2D-4D61-ADA1-8D256BE78AA7}.Debug|Any CPU.Build.0 = Debug|Any CPU
		{8DCB571F-4D2D-4D61-ADA1-8D256BE78AA7}.Release|Any CPU.ActiveCfg = Release|Any CPU
		{8DCB571F-4D2D-4D61-ADA1-8D256BE78AA7}.Release|Any CPU.Build.0 = Release|Any CPU
	EndGlobalSection
	GlobalSection(SolutionProperties) = preSolution
		HideSolutionNode = FALSE
	EndGlobalSection
	GlobalSection(ExtensibilityGlobals) = postSolution
		SolutionGuid = {9A56D4FB-1FAB-4209-9C91-27D8BA521CF2}
	EndGlobalSection
EndGlobal
